
Microsoft Visual Studio Solution File, Format Version 12.00
# Visual Studio Version 16
VisualStudioVersion = 16.0.31019.35
MinimumVisualStudioVersion = 10.0.40219.1
Project("{FAE04EC0-301F-11D3-BF4B-00C04F79EFBC}") = "csv-txt", "csv-txt.csproj", "{C0EAD8B7-CD50-4B0B-BF4C-1440E5BCFD59}"
EndProject
Global
	GlobalSection(SolutionConfigurationPlatforms) = preSolution
		Debug|Any CPU = Debug|Any CPU
		Release|Any CPU = Release|Any CPU
	EndGlobalSection
	GlobalSection(ProjectConfigurationPlatforms) = postSolution
		{C0EAD8B7-CD50-4B0B-BF4C-1440E5BCFD59}.Debug|Any CPU.ActiveCfg = Debug|Any CPU
		{C0EAD8B7-CD50-4B0B-BF4C-1440E5BCFD59}.Debug|Any CPU.Build.0 = Debug|Any CPU
		{C0EAD8B7-CD50-4B0B-BF4C-1440E5BCFD59}.Release|Any CPU.ActiveCfg = Release|Any CPU
		{C0EAD8B7-CD50-4B0B-BF4C-1440E5BCFD59}.Release|Any CPU.Build.0 = Release|Any CPU
	EndGlobalSection
	GlobalSection(SolutionProperties) = preSolution
		HideSolutionNode = FALSE
	EndGlobalSection
	GlobalSection(ExtensibilityGlobals) = postSolution
		SolutionGuid = {73B7348B-F5CB-458B-AAC6-5F784860A59F}
	EndGlobalSection
EndGlobal
